<?xml version="1.0" encoding="utf-8"?>
<Project ToolsVersion="4.0" xmlns="http://schemas.microsoft.com/developer/msbuild/2003">
  <ItemGroup>
    <Filter Include="소스 파일">
      <UniqueIdentifier>{4FC737F1-C7A5-4376-A066-2A32D752A2FF}</UniqueIdentifier>
      <Extensions>cpp;c;cc;cxx;c++;cppm;ixx;def;odl;idl;hpj;bat;asm;asmx</Extensions>
    </Filter>
    <Filter Include="헤더 파일">
      <UniqueIdentifier>{93995380-89BD-4b04-88EB-625FBE52EBFB}</UniqueIdentifier>
      <Extensions>h;hh;hpp;hxx;h++;hm;inl;inc;ipp;xsd</Extensions>
    </Filter>
    <Filter Include="리소스 파일">
      <UniqueIdentifier>{67DA6AB6-F800-4c08-8B7A-83BB121AAD01}</UniqueIdentifier>
      <Extensions>rc;ico;cur;bmp;dlg;rc2;rct;bin;rgs;gif;jpg;jpeg;jpe;resx;tiff;tif;png;wav;mfcribbon-ms</Extensions>
    </Filter>
  </ItemGroup>
  <ItemGroup>
    <ClCompile Include="ch02_inputOutput.cpp">
      <Filter>소스 파일</Filter>
    </ClCompile>
    <ClCompile Include="ch02_usingNamespace.cpp">
      <Filter>소스 파일</Filter>
    </ClCompile>
    <ClCompile Include="ch02_voidExample.cpp">
      <Filter>소스 파일</Filter>
    </ClCompile>
    <ClCompile Include="ch02_boolExample.cpp">
      <Filter>소스 파일</Filter>
    </ClCompile>
    <ClCompile Include="ch02_printAscii.cpp">
      <Filter>소스 파일</Filter>
    </ClCompile>
    <ClCompile Include="ch02_unicode.cpp">
      <Filter>소스 파일</Filter>
    </ClCompile>
    <ClCompile Include="ch02_sizeof_data_types.cpp">
      <Filter>소스 파일</Filter>
    </ClCompile>
    <ClCompile Include="ch02_floating_point.cpp">
      <Filter>소스 파일</Filter>
    </ClCompile>
    <ClCompile Include="ch02_precision_floating_point.cpp">
      <Filter>소스 파일</Filter>
    </ClCompile>
    <ClCompile Include="ch02_localVariable.cpp">
      <Filter>소스 파일</Filter>
    </ClCompile>
    <ClCompile Include="ch02_bitwise_AND.cpp">
      <Filter>소스 파일</Filter>
    </ClCompile>
    <ClCompile Include="ch02_bitwise_NOT.cpp">
      <Filter>소스 파일</Filter>
    </ClCompile>
    <ClCompile Include="ch02_bitwise_OR.cpp">
      <Filter>소스 파일</Filter>
    </ClCompile>
    <ClCompile Include="ch02_bitwise_shift.cpp">
      <Filter>소스 파일</Filter>
    </ClCompile>
    <ClCompile Include="ch02_bitwise_XOR.cpp">
      <Filter>소스 파일</Filter>
    </ClCompile>
    <ClCompile Include="ch02_explicit_cast.cpp">
      <Filter>소스 파일</Filter>
    </ClCompile>
    <ClCompile Include="ch02_if_vs_ternary_1.cpp">
      <Filter>소스 파일</Filter>
    </ClCompile>
    <ClCompile Include="ch02_if_vs_ternary_2.cpp">
      <Filter>소스 파일</Filter>
    </ClCompile>
    <ClCompile Include="ch02_implicit_cast.cpp">
      <Filter>소스 파일</Filter>
    </ClCompile>
    <ClCompile Include="ch02_operator_precedence.cpp">
      <Filter>소스 파일</Filter>
    </ClCompile>
    <ClCompile Include="ch02_pre_vs_post.cpp">
      <Filter>소스 파일</Filter>
    </ClCompile>
    <ClCompile Include="ch02_std_string.cpp">
      <Filter>소스 파일</Filter>
    </ClCompile>
    <ClCompile Include="ch02_user_defined_literals.cpp">
      <Filter>소스 파일</Filter>
    </ClCompile>
    <ClCompile Include="ch03_variable_and_memory_address.cpp">
      <Filter>소스 파일</Filter>
    </ClCompile>
    <ClCompile Include="ch03_pointer_variable_and_initalize.cpp">
      <Filter>소스 파일</Filter>
    </ClCompile>
    <ClCompile Include="ch03_pointer.cpp">
      <Filter>소스 파일</Filter>
    </ClCompile>
    <ClCompile Include="ch03_pointer_to_pointer.cpp">
      <Filter>소스 파일</Filter>
    </ClCompile>
    <ClCompile Include="ch03_array.cpp">
      <Filter>소스 파일</Filter>
    </ClCompile>
    <ClCompile Include="ch03_array_address.cpp">
      <Filter>소스 파일</Filter>
    </ClCompile>
  </ItemGroup>
</Project>